
Microsoft Visual Studio Solution File, Format Version 12.00
# Visual Studio Version 17
VisualStudioVersion = 17.8.34511.84
MinimumVisualStudioVersion = 10.0.40219.1
Project("{9A19103F-16F7-4668-BE54-9A1E7A4F7556}") = "Honamic.SepidarApi", "SepidarApi\Honamic.SepidarApi.csproj", "{5CCE1DC6-A3ED-4919-8E97-033EC528762F}"
EndProject
Project("{FAE04EC0-301F-11D3-BF4B-00C04F79EFBC}") = "Honamic.SepidarApi.Sample", "SepidarApi.Sample\Honamic.SepidarApi.Sample.csproj", "{1CB1719C-445A-4D7B-AB69-76D60FA58513}"
EndProject
Global
	GlobalSection(SolutionConfigurationPlatforms) = preSolution
		Debug|Any CPU = Debug|Any CPU
		Release|Any CPU = Release|Any CPU
	EndGlobalSection
	GlobalSection(ProjectConfigurationPlatforms) = postSolution
		{5CCE1DC6-A3ED-4919-8E97-033EC528762F}.Debug|Any CPU.ActiveCfg = Debug|Any CPU
		{5CCE1DC6-A3ED-4919-8E97-033EC528762F}.Debug|Any CPU.Build.0 = Debug|Any CPU
		{5CCE1DC6-A3ED-4919-8E97-033EC528762F}.Release|Any CPU.ActiveCfg = Release|Any CPU
		{5CCE1DC6-A3ED-4919-8E97-033EC528762F}.Release|Any CPU.Build.0 = Release|Any CPU
		{1CB1719C-445A-4D7B-AB69-76D60FA58513}.Debug|Any CPU.ActiveCfg = Debug|Any CPU
		{1CB1719C-445A-4D7B-AB69-76D60FA58513}.Debug|Any CPU.Build.0 = Debug|Any CPU
		{1CB1719C-445A-4D7B-AB69-76D60FA58513}.Release|Any CPU.ActiveCfg = Release|Any CPU
		{1CB1719C-445A-4D7B-AB69-76D60FA58513}.Release|Any CPU.Build.0 = Release|Any CPU
	EndGlobalSection
	GlobalSection(SolutionProperties) = preSolution
		HideSolutionNode = FALSE
	EndGlobalSection
	GlobalSection(ExtensibilityGlobals) = postSolution
		SolutionGuid = {35054AAC-1BFD-4FA9-888A-BEDEC8DEE1E1}
	EndGlobalSection
EndGlobal
